github.com/DATA-DOG/go-sqlmock v1.3.3/go.mod h1:f/Ixk793poVmq4qj/V1dPUg2JEAKC73Q5eFN3EC/SaM=
github.com/antonmedv/expr v1.9.0 h1:j4HI3NHEdgDnN9p6oI6Ndr0G5QryMY0FNxT4ONrFDGU=
github.com/antonmedv/expr v1.9.0/go.mod h1:5qsM3oLGDND7sDmQGDXHkYfkjYMUX14qsgqmHhwGEk8=
github.com/davecgh/go-spew v0.0.0-20161028175848-04cdfd42973b/go.mod h1:J7Y8YcW2NihsgmVo/mv3lAwl/skON4iLHjSsI+c5H38=
github.com/davecgh/go-spew v1.1.0/go.mod h1:J7Y8YcW2NihsgmVo/mv3lAwl/skON4iLHjSsI+c5H38=
github.com/gdamore/encoding v1.0.0/go.mod h1:alR0ol34c49FCSBLjhosxzcPHQbf2trDkoo5dl+VrEg=
github.com/gdamore/tcell v1.3.0/go.mod h1:Hjvr+Ofd+gLglo7RYKxxnzCBmev3BzsS67MebKS4zMM=
github.com/lucasb-eyer/go-colorful v1.0.2/go.mod h1:0MS4r+7BZKSJ5mw4/S5MPN+qHFF1fYclkSPilDOKW0s=
github.com/lucasb-eyer/go-colorful v1.0.3/go.mod h1:R4dSotOR9KMtayYi1e77YzuveK+i7ruzyGqttikkLy0=
github.com/mattn/go-runewidth v0.0.4/go.mod h1:LwmH8dsx7+W8Uxz3IHJYH5QSwggIsqBzpuz5H//U1FU=
github.com/mattn/go-runewidth v0.0.8/go.mod h1:H031xJmbD/WCDINGzjvQ9THkh0rPKHF+m2gUSrubnMI=
github.com/mattn/go-runewidth v0.0.9 h1:Lm995f3rfxdpd6TSmuVCHVb/QhupuXlYr8sCI/QdE+0=
github.com/mattn/go-runewidth v0.0.9/go.mod h1:H031xJmbD/WCDINGzjvQ9THkh0rPKHF+m2gUSrubnMI=
github.com/olekukonko/tablewriter v0.0.5 h1:P2Ga83D34wi1o9J6Wh1mRuqd4mF/x/lgBS7N7AbDhec=
github.com/olekukonko/tablewriter v0.0.5/go.mod h1:hPp6KlRPjbx+hW8ykQs1w3UBbZlj6HuIJcUGPhkA7kY=
github.com/pborman/getopt/v2 v2.1.0 h1:eNfR+r+dWLdWmV8g5OlpyrTYHkhVNxHBdN2cCrJmOEA=
github.com/pborman/getopt/v2 v2.1.0/go.mod h1:4NtW75ny4eBw9fO1bhtNdYTlZKYX5/tBLtsOpwKIKd0=
github.com/pmezard/go-difflib v0.0.0-20151028094244-d8ed2627bdf0/go.mod h1:iKH77koFhYxTK1pcRnkKkqfTogsbg7gZNVY4sRDYZ/4=
github.com/pmezard/go-difflib v1.0.0/go.mod h1:iKH77koFhYxTK1pcRnkKkqfTogsbg7gZNVY4sRDYZ/4=
github.com/rivo/tview v0.0.0-20200219210816-cd38d7432498/go.mod h1:6lkG1x+13OShEf0EaOCaTQYyB7d5nSbb181KtjlS+84=
github.com/rivo/uniseg v0.1.0/go.mod h1:J6wj4VEh+S6ZtnVlnTBMWIodfgj8LQOQFoIToxlJtxc=
github.com/sanity-io/litter v1.2.0/go.mod h1:JF6pZUFgu2Q0sBZ+HSV35P8TVPI1TTzEwyu9FXAw2W4=
github.com/stretchr/objx v0.1.0/go.mod h1:HFkY916IF+rwdDfMAkV7OtwuqBVzrE8GR6GFx+wExME=
github.com/stretchr/testify v0.0.0-20161117074351-18a02ba4a312/go.mod h1:a8OnRcib4nhh0OaRAV+Yts87kKdq0PP7pXfy6kDkUVs=
github.com/stretchr/testify v1.5.1/go.mod h1:5W2xD1RspED5o8YsWQXVCued0rvSQ+mT+I5cxcmMvtA=
golang.org/x/sys v0.0.0-20190626150813-e07cf5db2756/go.mod h1:h1NjWce9XRLGQEsW7wpKNCjG9DtNlClVuFLEZdDNbEs=
golang.org/x/sys v0.0.0-20200212091648-12a6c2dcc1e4/go.mod h1:h1NjWce9XRLGQEsW7wpKNCjG9DtNlClVuFLEZdDNbEs=
golang.org/x/sys v0.0.0-20210615035016-665e8c7367d1 h1:SrN+KX8Art/Sf4HNj6Zcz06G7VEz+7w9tdXTPOZ7+l4=
golang.org/x/sys v0.0.0-20210615035016-665e8c7367d1/go.mod h1:oPkhp1MJrh7nUepCBck5+mAzfO9JrbApNNgaTdGDITg=
golang.org/x/term v0.0.0-20210927222741-03fcf44c2211 h1:JGgROgKl9N8DuW20oFS5gxc+lE67/N3FcwmBPMe7ArY=
golang.org/x/term v0.0.0-20210927222741-03fcf44c2211/go.mod h1:jbD1KX2456YbFQfuXm/mYQcufACuNUgVhRMnK/tPxf8=
golang.org/x/text v0.3.0/go.mod h1:NqM8EUOU14njkJ3fqMW+pc6Ldnwhi/IjpwHt7yyuwOQ=
golang.org/x/text v0.3.2/go.mod h1:bEr9sfX3Q8Zfm5fL9x+3itogRgK3+ptLWKqgva+5dAk=
golang.org/x/tools v0.0.0-20180917221912-90fa682c2a6e/go.mod h1:n7NCudcB/nEzxVGmLbDWY5pfWTLqBcC2KZ6jyYvM4mQ=
gopkg.in/check.v1 v0.0.0-20161208181325-20d25e280405/go.mod h1:Co6ibVJAznAaIkqp8huTwlJQCZ016jof/cbN4VW5Yz0=
gopkg.in/yaml.v2 v2.2.2/go.mod h1:hI93XBmqTisBFMUTm0b8Fm+jr3Dg1NNxqwp+5A1VGuI=
gopkg.in/yaml.v2 v2.4.0 h1:D8xgwECY7CYvx+Y2n4sBz93Jn9JRvxdiyyo8CTfuKaY=
gopkg.in/yaml.v2 v2.4.0/go.mod h1:RDklbk79AGWmwhnvt/jBztapEOGDOx6ZbXqjP6csGnQ=
